
Microsoft Visual Studio Solution File, Format Version 12.00
# Visual Studio 15
VisualStudioVersion = 15.0.27004.2005
MinimumVisualStudioVersion = 10.0.40219.1
Project("{FAE04EC0-301F-11D3-BF4B-00C04F79EFBC}") = "AspNetMvcSnippetPack", "AspNetMvcSnippetPack\AspNetMvcSnippetPack.csproj", "{D811AA91-9571-4F54-8F19-9177A78123F8}"
EndProject
Global
	GlobalSection(SolutionConfigurationPlatforms) = preSolution
		Debug|Any CPU = Debug|Any CPU
		Release|Any CPU = Release|Any CPU
	EndGlobalSection
	GlobalSection(ProjectConfigurationPlatforms) = postSolution
		{D811AA91-9571-4F54-8F19-9177A78123F8}.Debug|Any CPU.ActiveCfg = Debug|Any CPU
		{D811AA91-9571-4F54-8F19-9177A78123F8}.Debug|Any CPU.Build.0 = Debug|Any CPU
		{D811AA91-9571-4F54-8F19-9177A78123F8}.Release|Any CPU.ActiveCfg = Release|Any CPU
		{D811AA91-9571-4F54-8F19-9177A78123F8}.Release|Any CPU.Build.0 = Release|Any CPU
	EndGlobalSection
	GlobalSection(SolutionProperties) = preSolution
		HideSolutionNode = FALSE
	EndGlobalSection
	GlobalSection(ExtensibilityGlobals) = postSolution
		SolutionGuid = {1462D60B-5C24-4214-9347-CB66DE6743A8}
	EndGlobalSection
EndGlobal
